{
  "name": "soulseer",
  "version": "1.0.0",
  "lockfileVersion": 3,
  "requires": true,
  "packages": {
    "": {
      "name": "soulseer",
      "version": "1.0.0",
      "dependencies": {
        "express": "^4.18.2",
        "socket.io": "^4.7.4",
        "cors": "^2.8.5",
        "dotenv": "^16.3.1",
        "bcryptjs": "^2.4.3",
        "jsonwebtoken": "^9.0.2",
        "mongoose": "^8.0.3",
        "stripe": "^14.12.0",
        "validator": "^13.11.0",
        "uuid": "^9.0.1"
      },
      "devDependencies": {
        "concurrently": "^7.6.0",
        "nodemon": "^3.0.2"
      },
      "engines": {
        "node": "18.x",
        "npm": "9.x"
      }
    }
  }
}